{
  "nodes": {
    "nixpkgs": {
      "locked": {
        "lastModified": 1778146773,
        "narHash": "sha256-ne8cxGqqYtGIJ/oOiiM06/yEWjdgUg0Hzb/iNL52EP8=",
        "owner": "NixOS",
        "repo": "nixpkgs",
        "rev": "2e3356a580f3cc1b465a04ba9469ba93494cd0ab",
        "type": "github"
      },
      "original": {
        "owner": "NixOS",
        "repo": "nixpkgs",
        "type": "github"
      }
    },
    "root": {
      "inputs": {
        "nixpkgs": "nixpkgs"
      }
    }
  },
  "root": "root",
  "version": 7
}
